// !$*UTF8*$!
{
	archiveVersion = 1;
	classes = {
	};
	objectVersion = 55;
	objects = {

/* Begin PBXBuildFile section */
		2B2310902883D40400AD8975 /* Tests_iOS.swift in Sources */ = {isa = PBXBuildFile; fileRef = 2B23108F2883D40400AD8975 /* Tests_iOS.swift */; };
		2B2310922883D40400AD8975 /* Tests_iOSLaunchTests.swift in Sources */ = {isa = PBXBuildFile; fileRef = 2B2310912883D40400AD8975 /* Tests_iOSLaunchTests.swift */; };
		2B23109C2883D40400AD8975 /* Tests_macOS.swift in Sources */ = {isa = PBXBuildFile; fileRef = 2B23109B2883D40400AD8975 /* Tests_macOS.swift */; };
		2B23109E2883D40400AD8975 /* Tests_macOSLaunchTests.swift in Sources */ = {isa = PBXBuildFile; fileRef = 2B23109D2883D40400AD8975 /* Tests_macOSLaunchTests.swift */; };
		2B23109F2883D40400AD8975 /* TeToApp.swift in Sources */ = {isa = PBXBuildFile; fileRef = 2B2310772883D40200AD8975 /* TeToApp.swift */; };
		2B2310A02883D40400AD8975 /* TeToApp.swift in Sources */ = {isa = PBXBuildFile; fileRef = 2B2310772883D40200AD8975 /* TeToApp.swift */; };
		2B2310A12883D40400AD8975 /* ContentView.swift in Sources */ = {isa = PBXBuildFile; fileRef = 2B2310782883D40200AD8975 /* ContentView.swift */; };
		2B2310A22883D40400AD8975 /* ContentView.swift in Sources */ = {isa = PBXBuildFile; fileRef = 2B2310782883D40200AD8975 /* ContentView.swift */; };
		2B2310A32883D40400AD8975 /* Assets.xcassets in Resources */ = {isa = PBXBuildFile; fileRef = 2B2310792883D40400AD8975 /* Assets.xcassets */; };
		2B2310A42883D40400AD8975 /* Assets.xcassets in Resources */ = {isa = PBXBuildFile; fileRef = 2B2310792883D40400AD8975 /* Assets.xcassets */; };
/* End PBXBuildFile section */

/* Begin PBXContainerItemProxy section */
		2B23108C2883D40400AD8975 /* PBXContainerItemProxy */ = {
			isa = PBXContainerItemProxy;
			containerPortal = 2B2310722883D40200AD8975 /* Project object */;
			proxyType = 1;
			remoteGlobalIDString = 2B23107D2883D40400AD8975;
			remoteInfo = "TeTo (iOS)";
		};
		2B2310982883D40400AD8975 /* PBXContainerItemProxy */ = {
			isa = PBXContainerItemProxy;
			containerPortal = 2B2310722883D40200AD8975 /* Project object */;
			proxyType = 1;
			remoteGlobalIDString = 2B2310832883D40400AD8975;
			remoteInfo = "TeTo (macOS)";
		};
/* End PBXContainerItemProxy section */

/* Begin PBXFileReference section */
		2B2310772883D40200AD8975 /* TeToApp.swift */ = {isa = PBXFileReference; lastKnownFileType = sourcecode.swift; path = TeToApp.swift; sourceTree = "<group>"; };
		2B2310782883D40200AD8975 /* ContentView.swift */ = {isa = PBXFileReference; lastKnownFileType = sourcecode.swift; path = ContentView.swift; sourceTree = "<group>"; };
		2B2310792883D40400AD8975 /* Assets.xcassets */ = {isa = PBXFileReference; lastKnownFileType = folder.assetcatalog; path = Assets.xcassets; sourceTree = "<group>"; };
		2B23107E2883D40400AD8975 /* TeTo.app */ = {isa = PBXFileReference; explicitFileType = wrapper.application; includeInIndex = 0; path = TeTo.app; sourceTree = BUILT_PRODUCTS_DIR; };
		2B2310842883D40400AD8975 /* TeTo.app */ = {isa = PBXFileReference; explicitFileType = wrapper.application; includeInIndex = 0; path = TeTo.app; sourceTree = BUILT_PRODUCTS_DIR; };
		2B2310862883D40400AD8975 /* macOS.entitlements */ = {isa = PBXFileReference; lastKnownFileType = text.plist.entitlements; path = macOS.entitlements; sourceTree = "<group>"; };
		2B23108B2883D40400AD8975 /* Tests iOS.xctest */ = {isa = PBXFileReference; explicitFileType = wrapper.cfbundle; includeInIndex = 0; path = "Tests iOS.xctest"; sourceTree = BUILT_PRODUCTS_DIR; };
		2B23108F2883D40400AD8975 /* Tests_iOS.swift */ = {isa = PBXFileReference; lastKnownFileType = sourcecode.swift; path = Tests_iOS.swift; sourceTree = "<group>"; };
		2B2310912883D40400AD8975 /* Tests_iOSLaunchTests.swift */ = {isa = PBXFileReference; lastKnownFileType = sourcecode.swift; path = Tests_iOSLaunchTests.swift; sourceTree = "<group>"; };
		2B2310972883D40400AD8975 /* Tests macOS.xctest */ = {isa = PBXFileReference; explicitFileType = wrapper.cfbundle; includeInIndex = 0; path = "Tests macOS.xctest"; sourceTree = BUILT_PRODUCTS_DIR; };
		2B23109B2883D40400AD8975 /* Tests_macOS.swift */ = {isa = PBXFileReference; lastKnownFileType = sourcecode.swift; path = Tests_macOS.swift; sourceTree = "<group>"; };
		2B23109D2883D40400AD8975 /* Tests_macOSLaunchTests.swift */ = {isa = PBXFileReference; lastKnownFileType = sourcecode.swift; path = Tests_macOSLaunchTests.swift; sourceTree = "<group>"; };
/* End PBXFileReference section */

/* Begin PBXFrameworksBuildPhase section */
		2B23107B2883D40400AD8975 /* Frameworks */ = {
			isa = PBXFrameworksBuildPhase;
			buildActionMask = 2147483647;
			files = (
			);
			runOnlyForDeploymentPostprocessing = 0;
		};
		2B2310812883D40400AD8975 /* Frameworks */ = {
			isa = PBXFrameworksBuildPhase;
			buildActionMask = 2147483647;
			files = (
			);
			runOnlyForDeploymentPostprocessing = 0;
		};
		2B2310882883D40400AD8975 /* Frameworks */ = {
			isa = PBXFrameworksBuildPhase;
			buildActionMask = 2147483647;
			files = (
			);
			runOnlyForDeploymentPostprocessing = 0;
		};
		2B2310942883D40400AD8975 /* Frameworks */ = {
			isa = PBXFrameworksBuildPhase;
			buildActionMask = 2147483647;
			files = (
			);
			runOnlyForDeploymentPostprocessing = 0;
		};
/* End PBXFrameworksBuildPhase section */

/* Begin PBXGroup section */
		2B2310712883D40200AD8975 = {
			isa = PBXGroup;
			children = (
				2B2310762883D40200AD8975 /* Shared */,
				2B2310852883D40400AD8975 /* macOS */,
				2B23108E2883D40400AD8975 /* Tests iOS */,
				2B23109A2883D40400AD8975 /* Tests macOS */,
				2B23107F2883D40400AD8975 /* Products */,
			);
			sourceTree = "<group>";
		};
		2B2310762883D40200AD8975 /* Shared */ = {
			isa = PBXGroup;
			children = (
				2B2310772883D40200AD8975 /* TeToApp.swift */,
				2B2310782883D40200AD8975 /* ContentView.swift */,
				2B2310792883D40400AD8975 /* Assets.xcassets */,
			);
			path = Shared;
			sourceTree = "<group>";
		};
		2B23107F2883D40400AD8975 /* Products */ = {
			isa = PBXGroup;
			children = (
				2B23107E2883D40400AD8975 /* TeTo.app */,
				2B2310842883D40400AD8975 /* TeTo.app */,
				2B23108B2883D40400AD8975 /* Tests iOS.xctest */,
				2B2310972883D40400AD8975 /* Tests macOS.xctest */,
			);
			name = Products;
			sourceTree = "<group>";
		};
		2B2310852883D40400AD8975 /* macOS */ = {
			isa = PBXGroup;
			children = (
				2B2310862883D40400AD8975 /* macOS.entitlements */,
			);
			path = macOS;
			sourceTree = "<group>";
		};
		2B23108E2883D40400AD8975 /* Tests iOS */ = {
			isa = PBXGroup;
			children = (
				2B23108F2883D40400AD8975 /* Tests_iOS.swift */,
				2B2310912883D40400AD8975 /* Tests_iOSLaunchTests.swift */,
			);
			path = "Tests iOS";
			sourceTree = "<group>";
		};
		2B23109A2883D40400AD8975 /* Tests macOS */ = {
			isa = PBXGroup;
			children = (
				2B23109B2883D40400AD8975 /* Tests_macOS.swift */,
				2B23109D2883D40400AD8975 /* Tests_macOSLaunchTests.swift */,
			);
			path = "Tests macOS";
			sourceTree = "<group>";
		};
/* End PBXGroup section */

/* Begin PBXNativeTarget section */
		2B23107D2883D40400AD8975 /* TeTo (iOS) */ = {
			isa = PBXNativeTarget;
			buildConfigurationList = 2B2310A72883D40400AD8975 /* Build configuration list for PBXNativeTarget "TeTo (iOS)" */;
			buildPhases = (
				2B23107A2883D40400AD8975 /* Sources */,
				2B23107B2883D40400AD8975 /* Frameworks */,
				2B23107C2883D40400AD8975 /* Resources */,
			);
			buildRules = (
			);
			dependencies = (
			);
			name = "TeTo (iOS)";
			productName = "TeTo (iOS)";
			productReference = 2B23107E2883D40400AD8975 /* TeTo.app */;
			productType = "com.apple.product-type.application";
		};
		2B2310832883D40400AD8975 /* TeTo (macOS) */ = {
			isa = PBXNativeTarget;
			buildConfigurationList = 2B2310AA2883D40400AD8975 /* Build configuration list for PBXNativeTarget "TeTo (macOS)" */;
			buildPhases = (
				2B2310802883D40400AD8975 /* Sources */,
				2B2310812883D40400AD8975 /* Frameworks */,
				2B2310822883D40400AD8975 /* Resources */,
			);
			buildRules = (
			);
			dependencies = (
			);
			name = "TeTo (macOS)";
			productName = "TeTo (macOS)";
			productReference = 2B2310842883D40400AD8975 /* TeTo.app */;
			productType = "com.apple.product-type.application";
		};
		2B23108A2883D40400AD8975 /* Tests iOS */ = {
			isa = PBXNativeTarget;
			buildConfigurationList = 2B2310AD2883D40400AD8975 /* Build configuration list for PBXNativeTarget "Tests iOS" */;
			buildPhases = (
				2B2310872883D40400AD8975 /* Sources */,
				2B2310882883D40400AD8975 /* Frameworks */,
				2B2310892883D40400AD8975 /* Resources */,
			);
			buildRules = (
			);
			dependencies = (
				2B23108D2883D40400AD8975 /* PBXTargetDependency */,
			);
			name = "Tests iOS";
			productName = "Tests iOS";
			productReference = 2B23108B2883D40400AD8975 /* Tests iOS.xctest */;
			productType = "com.apple.product-type.bundle.ui-testing";
		};
		2B2310962883D40400AD8975 /* Tests macOS */ = {
			isa = PBXNativeTarget;
			buildConfigurationList = 2B2310B02883D40400AD8975 /* Build configuration list for PBXNativeTarget "Tests macOS" */;
			buildPhases = (
				2B2310932883D40400AD8975 /* Sources */,
				2B2310942883D40400AD8975 /* Frameworks */,
				2B2310952883D40400AD8975 /* Resources */,
			);
			buildRules = (
			);
			dependencies = (
				2B2310992883D40400AD8975 /* PBXTargetDependency */,
			);
			name = "Tests macOS";
			productName = "Tests macOS";
			productReference = 2B2310972883D40400AD8975 /* Tests macOS.xctest */;
			productType = "com.apple.product-type.bundle.ui-testing";
		};
/* End PBXNativeTarget section */

/* Begin PBXProject section */
		2B2310722883D40200AD8975 /* Project object */ = {
			isa = PBXProject;
			attributes = {
				BuildIndependentTargetsInParallel = 1;
				LastSwiftUpdateCheck = 1340;
				LastUpgradeCheck = 1340;
				TargetAttributes = {
					2B23107D2883D40400AD8975 = {
						CreatedOnToolsVersion = 13.4.1;
					};
					2B2310832883D40400AD8975 = {
						CreatedOnToolsVersion = 13.4.1;
					};
					2B23108A2883D40400AD8975 = {
						CreatedOnToolsVersion = 13.4.1;
						TestTargetID = 2B23107D2883D40400AD8975;
					};
					2B2310962883D40400AD8975 = {
						CreatedOnToolsVersion = 13.4.1;
						TestTargetID = 2B2310832883D40400AD8975;
					};
				};
			};
			buildConfigurationList = 2B2310752883D40200AD8975 /* Build configuration list for PBXProject "TeTo" */;
			compatibilityVersion = "Xcode 13.0";
			developmentRegion = en;
			hasScannedForEncodings = 0;
			knownRegions = (
				en,
				Base,
			);
			mainGroup = 2B2310712883D40200AD8975;
			productRefGroup = 2B23107F2883D40400AD8975 /* Products */;
			projectDirPath = "";
			projectRoot = "";
			targets = (
				2B23107D2883D40400AD8975 /* TeTo (iOS) */,
				2B2310832883D40400AD8975 /* TeTo (macOS) */,
				2B23108A2883D40400AD8975 /* Tests iOS */,
				2B2310962883D40400AD8975 /* Tests macOS */,
			);
		};
/* End PBXProject section */

/* Begin PBXResourcesBuildPhase section */
		2B23107C2883D40400AD8975 /* Resources */ = {
			isa = PBXResourcesBuildPhase;
			buildActionMask = 2147483647;
			files = (
				2B2310A32883D40400AD8975 /* Assets.xcassets in Resources */,
			);
			runOnlyForDeploymentPostprocessing = 0;
		};
		2B2310822883D40400AD8975 /* Resources */ = {
			isa = PBXResourcesBuildPhase;
			buildActionMask = 2147483647;
			files = (
				2B2310A42883D40400AD8975 /* Assets.xcassets in Resources */,
			);
			runOnlyForDeploymentPostprocessing = 0;
		};
		2B2310892883D40400AD8975 /* Resources */ = {
			isa = PBXResourcesBuildPhase;
			buildActionMask = 2147483647;
			files = (
			);
			runOnlyForDeploymentPostprocessing = 0;
		};
		2B2310952883D40400AD8975 /* Resources */ = {
			isa = PBXResourcesBuildPhase;
			buildActionMask = 2147483647;
			files = (
			);
			runOnlyForDeploymentPostprocessing = 0;
		};
/* End PBXResourcesBuildPhase section */

/* Begin PBXSourcesBuildPhase section */
		2B23107A2883D40400AD8975 /* Sources */ = {
			isa = PBXSourcesBuildPhase;
			buildActionMask = 2147483647;
			files = (
				2B2310A12883D40400AD8975 /* ContentView.swift in Sources */,
				2B23109F2883D40400AD8975 /* TeToApp.swift in Sources */,
			);
			runOnlyForDeploymentPostprocessing = 0;
		};
		2B2310802883D40400AD8975 /* Sources */ = {
			isa = PBXSourcesBuildPhase;
			buildActionMask = 2147483647;
			files = (
				2B2310A22883D40400AD8975 /* ContentView.swift in Sources */,
				2B2310A02883D40400AD8975 /* TeToApp.swift in Sources */,
			);
			runOnlyForDeploymentPostprocessing = 0;
		};
		2B2310872883D40400AD8975 /* Sources */ = {
			isa = PBXSourcesBuildPhase;
			buildActionMask = 2147483647;
			files = (
				2B2310922883D40400AD8975 /* Tests_iOSLaunchTests.swift in Sources */,
				2B2310902883D40400AD8975 /* Tests_iOS.swift in Sources */,
			);
			runOnlyForDeploymentPostprocessing = 0;
		};
		2B2310932883D40400AD8975 /* Sources */ = {
			isa = PBXSourcesBuildPhase;
			buildActionMask = 2147483647;
			files = (
				2B23109E2883D40400AD8975 /* Tests_macOSLaunchTests.swift in Sources */,
				2B23109C2883D40400AD8975 /* Tests_macOS.swift in Sources */,
			);
			runOnlyForDeploymentPostprocessing = 0;
		};
/* End PBXSourcesBuildPhase section */

/* Begin PBXTargetDependency section */
		2B23108D2883D40400AD8975 /* PBXTargetDependency */ = {
			isa = PBXTargetDependency;
			target = 2B23107D2883D40400AD8975 /* TeTo (iOS) */;
			targetProxy = 2B23108C2883D40400AD8975 /* PBXContainerItemProxy */;
		};
		2B2310992883D40400AD8975 /* PBXTargetDependency */ = {
			isa = PBXTargetDependency;
			target = 2B2310832883D40400AD8975 /* TeTo (macOS) */;
			targetProxy = 2B2310982883D40400AD8975 /* PBXContainerItemProxy */;
		};
/* End PBXTargetDependency section */

/* Begin XCBuildConfiguration section */
		2B2310A52883D40400AD8975 /* Debug */ = {
			isa = XCBuildConfiguration;
			buildSettings = {
				ALWAYS_SEARCH_USER_PATHS = NO;
				CLANG_ANALYZER_NONNULL = YES;
				CLANG_ANALYZER_NUMBER_OBJECT_CONVERSION = YES_AGGRESSIVE;
				CLANG_CXX_LANGUAGE_STANDARD = "gnu++17";
				CLANG_ENABLE_MODULES = YES;
				CLANG_ENABLE_OBJC_ARC = YES;
				CLANG_ENABLE_OBJC_WEAK = YES;
				CLANG_WARN_BLOCK_CAPTURE_AUTORELEASING = YES;
				CLANG_WARN_BOOL_CONVERSION = YES;
				CLANG_WARN_COMMA = YES;
				CLANG_WARN_CONSTANT_CONVERSION = YES;
				CLANG_WARN_DEPRECATED_OBJC_IMPLEMENTATIONS = YES;
				CLANG_WARN_DIRECT_OBJC_ISA_USAGE = YES_ERROR;
				CLANG_WARN_DOCUMENTATION_COMMENTS = YES;
				CLANG_WARN_EMPTY_BODY = YES;
				CLANG_WARN_ENUM_CONVERSION = YES;
				CLANG_WARN_INFINITE_RECURSION = YES;
				CLANG_WARN_INT_CONVERSION = YES;
				CLANG_WARN_NON_LITERAL_NULL_CONVERSION = YES;
				CLANG_WARN_OBJC_IMPLICIT_RETAIN_SELF = YES;
				CLANG_WARN_OBJC_LITERAL_CONVERSION = YES;
				CLANG_WARN_OBJC_ROOT_CLASS = YES_ERROR;
				CLANG_WARN_QUOTED_INCLUDE_IN_FRAMEWORK_HEADER = YES;
				CLANG_WARN_RANGE_LOOP_ANALYSIS = YES;
				CLANG_WARN_STRICT_PROTOTYPES = YES;
				CLANG_WARN_SUSPICIOUS_MOVE = YES;
				CLANG_WARN_UNGUARDED_AVAILABILITY = YES_AGGRESSIVE;
				CLANG_WARN_UNREACHABLE_CODE = YES;
				CLANG_WARN__DUPLICATE_METHOD_MATCH = YES;
				COPY_PHASE_STRIP = NO;
				DEBUG_INFORMATION_FORMAT = dwarf;
				ENABLE_STRICT_OBJC_MSGSEND = YES;
				ENABLE_TESTABILITY = YES;
				GCC_C_LANGUAGE_STANDARD = gnu11;
				GCC_DYNAMIC_NO_PIC = NO;
				GCC_NO_COMMON_BLOCKS = YES;
				GCC_OPTIMIZATION_LEVEL = 0;
				GCC_PREPROCESSOR_DEFINITIONS = (
					"DEBUG=1",
					"$(inherited)",
				);
				GCC_WARN_64_TO_32_BIT_CONVERSION = YES;
				GCC_WARN_ABOUT_RETURN_TYPE = YES_ERROR;
				GCC_WARN_UNDECLARED_SELECTOR = YES;
				GCC_WARN_UNINITIALIZED_AUTOS = YES_AGGRESSIVE;
				GCC_WARN_UNUSED_FUNCTION = YES;
				GCC_WARN_UNUSED_VARIABLE = YES;
				MTL_ENABLE_DEBUG_INFO = INCLUDE_SOURCE;
				MTL_FAST_MATH = YES;
				ONLY_ACTIVE_ARCH = YES;
				SWIFT_ACTIVE_COMPILATION_CONDITIONS = DEBUG;
				SWIFT_OPTIMIZATION_LEVEL = "-Onone";
			};
			name = Debug;
		};
		2B2310A62883D40400AD8975 /* Release */ = {
			isa = XCBuildConfiguration;
			buildSettings = {
				ALWAYS_SEARCH_USER_PATHS = NO;
				CLANG_ANALYZER_NONNULL = YES;
				CLANG_ANALYZER_NUMBER_OBJECT_CONVERSION = YES_AGGRESSIVE;
				CLANG_CXX_LANGUAGE_STANDARD = "gnu++17";
				CLANG_ENABLE_MODULES = YES;
				CLANG_ENABLE_OBJC_ARC = YES;
				CLANG_ENABLE_OBJC_WEAK = YES;
				CLANG_WARN_BLOCK_CAPTURE_AUTORELEASING = YES;
				CLANG_WARN_BOOL_CONVERSION = YES;
				CLANG_WARN_COMMA = YES;
				CLANG_WARN_CONSTANT_CONVERSION = YES;
				CLANG_WARN_DEPRECATED_OBJC_IMPLEMENTATIONS = YES;
				CLANG_WARN_DIRECT_OBJC_ISA_USAGE = YES_ERROR;
				CLANG_WARN_DOCUMENTATION_COMMENTS = YES;
				CLANG_WARN_EMPTY_BODY = YES;
				CLANG_WARN_ENUM_CONVERSION = YES;
				CLANG_WARN_INFINITE_RECURSION = YES;
				CLANG_WARN_INT_CONVERSION = YES;
				CLANG_WARN_NON_LITERAL_NULL_CONVERSION = YES;
				CLANG_WARN_OBJC_IMPLICIT_RETAIN_SELF = YES;
				CLANG_WARN_OBJC_LITERAL_CONVERSION = YES;
				CLANG_WARN_OBJC_ROOT_CLASS = YES_ERROR;
				CLANG_WARN_QUOTED_INCLUDE_IN_FRAMEWORK_HEADER = YES;
				CLANG_WARN_RANGE_LOOP_ANALYSIS = YES;
				CLANG_WARN_STRICT_PROTOTYPES = YES;
				CLANG_WARN_SUSPICIOUS_MOVE = YES;
				CLANG_WARN_UNGUARDED_AVAILABILITY = YES_AGGRESSIVE;
				CLANG_WARN_UNREACHABLE_CODE = YES;
				CLANG_WARN__DUPLICATE_METHOD_MATCH = YES;
				COPY_PHASE_STRIP = NO;
				DEBUG_INFORMATION_FORMAT = "dwarf-with-dsym";
				ENABLE_NS_ASSERTIONS = NO;
				ENABLE_STRICT_OBJC_MSGSEND = YES;
				GCC_C_LANGUAGE_STANDARD = gnu11;
				GCC_NO_COMMON_BLOCKS = YES;
				GCC_WARN_64_TO_32_BIT_CONVERSION = YES;
				GCC_WARN_ABOUT_RETURN_TYPE = YES_ERROR;
				GCC_WARN_UNDECLARED_SELECTOR = YES;
				GCC_WARN_UNINITIALIZED_AUTOS = YES_AGGRESSIVE;
				GCC_WARN_UNUSED_FUNCTION = YES;
				GCC_WARN_UNUSED_VARIABLE = YES;
				MTL_ENABLE_DEBUG_INFO = NO;
				MTL_FAST_MATH = YES;
				SWIFT_COMPILATION_MODE = wholemodule;
				SWIFT_OPTIMIZATION_LEVEL = "-O";
			};
			name = Release;
		};
		2B2310A82883D40400AD8975 /* Debug */ = {
			isa = XCBuildConfiguration;
			buildSettings = {
				ASSETCATALOG_COMPILER_APPICON_NAME = AppIcon;
				ASSETCATALOG_COMPILER_GLOBAL_ACCENT_COLOR_NAME = AccentColor;
				CODE_SIGN_STYLE = Automatic;
				CURRENT_PROJECT_VERSION = 1;
				DEVELOPMENT_TEAM = ZZM746LVXC;
				ENABLE_PREVIEWS = YES;
				GENERATE_INFOPLIST_FILE = YES;
				INFOPLIST_KEY_UIApplicationSceneManifest_Generation = YES;
				INFOPLIST_KEY_UIApplicationSupportsIndirectInputEvents = YES;
				INFOPLIST_KEY_UILaunchScreen_Generation = YES;
				INFOPLIST_KEY_UISupportedInterfaceOrientations_iPad = "UIInterfaceOrientationPortrait UIInterfaceOrientationPortraitUpsideDown UIInterfaceOrientationLandscapeLeft UIInterfaceOrientationLandscapeRight";
				INFOPLIST_KEY_UISupportedInterfaceOrientations_iPhone = "UIInterfaceOrientationPortrait UIInterfaceOrientationLandscapeLeft UIInterfaceOrientationLandscapeRight";
				IPHONEOS_DEPLOYMENT_TARGET = 15.5;
				LD_RUNPATH_SEARCH_PATHS = (
					"$(inherited)",
					"@executable_path/Frameworks",
				);
				MARKETING_VERSION = 1.0;
				PRODUCT_BUNDLE_IDENTIFIER = io.github.leonardolu.TeTo;
				PRODUCT_NAME = TeTo;
				SDKROOT = iphoneos;
				SWIFT_EMIT_LOC_STRINGS = YES;
				SWIFT_VERSION = 5.0;
				TARGETED_DEVICE_FAMILY = "1,2";
			};
			name = Debug;
		};
		2B2310A92883D40400AD8975 /* Release */ = {
			isa = XCBuildConfiguration;
			buildSettings = {
				ASSETCATALOG_COMPILER_APPICON_NAME = AppIcon;
				ASSETCATALOG_COMPILER_GLOBAL_ACCENT_COLOR_NAME = AccentColor;
				CODE_SIGN_STYLE = Automatic;
				CURRENT_PROJECT_VERSION = 1;
				DEVELOPMENT_TEAM = ZZM746LVXC;
				ENABLE_PREVIEWS = YES;
				GENERATE_INFOPLIST_FILE = YES;
				INFOPLIST_KEY_UIApplicationSceneManifest_Generation = YES;
				INFOPLIST_KEY_UIApplicationSupportsIndirectInputEvents = YES;
				INFOPLIST_KEY_UILaunchScreen_Generation = YES;
				INFOPLIST_KEY_UISupportedInterfaceOrientations_iPad = "UIInterfaceOrientationPortrait UIInterfaceOrientationPortraitUpsideDown UIInterfaceOrientationLandscapeLeft UIInterfaceOrientationLandscapeRight";
				INFOPLIST_KEY_UISupportedInterfaceOrientations_iPhone = "UIInterfaceOrientationPortrait UIInterfaceOrientationLandscapeLeft UIInterfaceOrientationLandscapeRight";
				IPHONEOS_DEPLOYMENT_TARGET = 15.5;
				LD_RUNPATH_SEARCH_PATHS = (
					"$(inherited)",
					"@executable_path/Frameworks",
				);
				MARKETING_VERSION = 1.0;
				PRODUCT_BUNDLE_IDENTIFIER = io.github.leonardolu.TeTo;
				PRODUCT_NAME = TeTo;
				SDKROOT = iphoneos;
				SWIFT_EMIT_LOC_STRINGS = YES;
				SWIFT_VERSION = 5.0;
				TARGETED_DEVICE_FAMILY = "1,2";
				VALIDATE_PRODUCT = YES;
			};
			name = Release;
		};
		2B2310AB2883D40400AD8975 /* Debug */ = {
			isa = XCBuildConfiguration;
			buildSettings = {
				ASSETCATALOG_COMPILER_APPICON_NAME = AppIcon;
				ASSETCATALOG_COMPILER_GLOBAL_ACCENT_COLOR_NAME = AccentColor;
				CODE_SIGN_ENTITLEMENTS = macOS/macOS.entitlements;
				CODE_SIGN_STYLE = Automatic;
				COMBINE_HIDPI_IMAGES = YES;
				CURRENT_PROJECT_VERSION = 1;
				DEVELOPMENT_TEAM = ZZM746LVXC;
				ENABLE_HARDENED_RUNTIME = YES;
				ENABLE_PREVIEWS = YES;
				GENERATE_INFOPLIST_FILE = YES;
				INFOPLIST_KEY_NSHumanReadableCopyright = "";
				LD_RUNPATH_SEARCH_PATHS = (
					"$(inherited)",
					"@executable_path/../Frameworks",
				);
				MACOSX_DEPLOYMENT_TARGET = 12.3;
				MARKETING_VERSION = 1.0;
				PRODUCT_BUNDLE_IDENTIFIER = io.github.leonardolu.TeTo;
				PRODUCT_NAME = TeTo;
				SDKROOT = macosx;
				SWIFT_EMIT_LOC_STRINGS = YES;
				SWIFT_VERSION = 5.0;
			};
			name = Debug;
		};
		2B2310AC2883D40400AD8975 /* Release */ = {
			isa = XCBuildConfiguration;
			buildSettings = {
				ASSETCATALOG_COMPILER_APPICON_NAME = AppIcon;
				ASSETCATALOG_COMPILER_GLOBAL_ACCENT_COLOR_NAME = AccentColor;
				CODE_SIGN_ENTITLEMENTS = macOS/macOS.entitlements;
				CODE_SIGN_STYLE = Automatic;
				COMBINE_HIDPI_IMAGES = YES;
				CURRENT_PROJECT_VERSION = 1;
				DEVELOPMENT_TEAM = ZZM746LVXC;
				ENABLE_HARDENED_RUNTIME = YES;
				ENABLE_PREVIEWS = YES;
				GENERATE_INFOPLIST_FILE = YES;
				INFOPLIST_KEY_NSHumanReadableCopyright = "";
				LD_RUNPATH_SEARCH_PATHS = (
					"$(inherited)",
					"@executable_path/../Frameworks",
				);
				MACOSX_DEPLOYMENT_TARGET = 12.3;
				MARKETING_VERSION = 1.0;
				PRODUCT_BUNDLE_IDENTIFIER = io.github.leonardolu.TeTo;
				PRODUCT_NAME = TeTo;
				SDKROOT = macosx;
				SWIFT_EMIT_LOC_STRINGS = YES;
				SWIFT_VERSION = 5.0;
			};
			name = Release;
		};
		2B2310AE2883D40400AD8975 /* Debug */ = {
			isa = XCBuildConfiguration;
			buildSettings = {
				ALWAYS_EMBED_SWIFT_STANDARD_LIBRARIES = YES;
				CODE_SIGN_STYLE = Automatic;
				CURRENT_PROJECT_VERSION = 1;
				DEVELOPMENT_TEAM = ZZM746LVXC;
				GENERATE_INFOPLIST_FILE = YES;
				IPHONEOS_DEPLOYMENT_TARGET = 15.5;
				MARKETING_VERSION = 1.0;
				PRODUCT_BUNDLE_IDENTIFIER = "io.github.leonardolu.Tests-iOS";
				PRODUCT_NAME = "$(TARGET_NAME)";
				SDKROOT = iphoneos;
				SWIFT_EMIT_LOC_STRINGS = NO;
				SWIFT_VERSION = 5.0;
				TARGETED_DEVICE_FAMILY = "1,2";
				TEST_TARGET_NAME = "TeTo (iOS)";
			};
			name = Debug;
		};
		2B2310AF2883D40400AD8975 /* Release */ = {
			isa = XCBuildConfiguration;
			buildSettings = {
				ALWAYS_EMBED_SWIFT_STANDARD_LIBRARIES = YES;
				CODE_SIGN_STYLE = Automatic;
				CURRENT_PROJECT_VERSION = 1;
				DEVELOPMENT_TEAM = ZZM746LVXC;
				GENERATE_INFOPLIST_FILE = YES;
				IPHONEOS_DEPLOYMENT_TARGET = 15.5;
				MARKETING_VERSION = 1.0;
				PRODUCT_BUNDLE_IDENTIFIER = "io.github.leonardolu.Tests-iOS";
				PRODUCT_NAME = "$(TARGET_NAME)";
				SDKROOT = iphoneos;
				SWIFT_EMIT_LOC_STRINGS = NO;
				SWIFT_VERSION = 5.0;
				TARGETED_DEVICE_FAMILY = "1,2";
				TEST_TARGET_NAME = "TeTo (iOS)";
				VALIDATE_PRODUCT = YES;
			};
			name = Release;
		};
		2B2310B12883D40400AD8975 /* Debug */ = {
			isa = XCBuildConfiguration;
			buildSettings = {
				ALWAYS_EMBED_SWIFT_STANDARD_LIBRARIES = YES;
				CODE_SIGN_STYLE = Automatic;
				CURRENT_PROJECT_VERSION = 1;
				DEVELOPMENT_TEAM = ZZM746LVXC;
				GENERATE_INFOPLIST_FILE = YES;
				MACOSX_DEPLOYMENT_TARGET = 12.3;
				MARKETING_VERSION = 1.0;
				PRODUCT_BUNDLE_IDENTIFIER = "io.github.leonardolu.Tests-macOS";
				PRODUCT_NAME = "$(TARGET_NAME)";
				SDKROOT = macosx;
				SWIFT_EMIT_LOC_STRINGS = NO;
				SWIFT_VERSION = 5.0;
				TEST_TARGET_NAME = "TeTo (macOS)";
			};
			name = Debug;
		};
		2B2310B22883D40400AD8975 /* Release */ = {
			isa = XCBuildConfiguration;
			buildSettings = {
				ALWAYS_EMBED_SWIFT_STANDARD_LIBRARIES = YES;
				CODE_SIGN_STYLE = Automatic;
				CURRENT_PROJECT_VERSION = 1;
				DEVELOPMENT_TEAM = ZZM746LVXC;
				GENERATE_INFOPLIST_FILE = YES;
				MACOSX_DEPLOYMENT_TARGET = 12.3;
				MARKETING_VERSION = 1.0;
				PRODUCT_BUNDLE_IDENTIFIER = "io.github.leonardolu.Tests-macOS";
				PRODUCT_NAME = "$(TARGET_NAME)";
				SDKROOT = macosx;
				SWIFT_EMIT_LOC_STRINGS = NO;
				SWIFT_VERSION = 5.0;
				TEST_TARGET_NAME = "TeTo (macOS)";
			};
			name = Release;
		};
/* End XCBuildConfiguration section */

/* Begin XCConfigurationList section */
		2B2310752883D40200AD8975 /* Build configuration list for PBXProject "TeTo" */ = {
			isa = XCConfigurationList;
			buildConfigurations = (
				2B2310A52883D40400AD8975 /* Debug */,
				2B2310A62883D40400AD8975 /* Release */,
			);
			defaultConfigurationIsVisible = 0;
			defaultConfigurationName = Release;
		};
		2B2310A72883D40400AD8975 /* Build configuration list for PBXNativeTarget "TeTo (iOS)" */ = {
			isa = XCConfigurationList;
			buildConfigurations = (
				2B2310A82883D40400AD8975 /* Debug */,
				2B2310A92883D40400AD8975 /* Release */,
			);
			defaultConfigurationIsVisible = 0;
			defaultConfigurationName = Release;
		};
		2B2310AA2883D40400AD8975 /* Build configuration list for PBXNativeTarget "TeTo (macOS)" */ = {
			isa = XCConfigurationList;
			buildConfigurations = (
				2B2310AB2883D40400AD8975 /* Debug */,
				2B2310AC2883D40400AD8975 /* Release */,
			);
			defaultConfigurationIsVisible = 0;
			defaultConfigurationName = Release;
		};
		2B2310AD2883D40400AD8975 /* Build configuration list for PBXNativeTarget "Tests iOS" */ = {
			isa = XCConfigurationList;
			buildConfigurations = (
				2B2310AE2883D40400AD8975 /* Debug */,
				2B2310AF2883D40400AD8975 /* Release */,
			);
			defaultConfigurationIsVisible = 0;
			defaultConfigurationName = Release;
		};
		2B2310B02883D40400AD8975 /* Build configuration list for PBXNativeTarget "Tests macOS" */ = {
			isa = XCConfigurationList;
			buildConfigurations = (
				2B2310B12883D40400AD8975 /* Debug */,
				2B2310B22883D40400AD8975 /* Release */,
			);
			defaultConfigurationIsVisible = 0;
			defaultConfigurationName = Release;
		};
/* End XCConfigurationList section */
	};
	rootObject = 2B2310722883D40200AD8975 /* Project object */;
}
